
Microsoft Visual Studio Solution File, Format Version 12.00
# Visual Studio Version 16
VisualStudioVersion = 16.0.31321.278
MinimumVisualStudioVersion = 10.0.40219.1
Project("{FAE04EC0-301F-11D3-BF4B-00C04F79EFBC}") = "RomProgrammer", "RomProgrammer\RomProgrammer.csproj", "{507F42A8-4E93-4F38-827C-D57700C2D656}"
EndProject
Global
	GlobalSection(SolutionConfigurationPlatforms) = preSolution
		Debug|Any CPU = Debug|Any CPU
		Release|Any CPU = Release|Any CPU
	EndGlobalSection
	GlobalSection(ProjectConfigurationPlatforms) = postSolution
		{507F42A8-4E93-4F38-827C-D57700C2D656}.Debug|Any CPU.ActiveCfg = Debug|Any CPU
		{507F42A8-4E93-4F38-827C-D57700C2D656}.Debug|Any CPU.Build.0 = Debug|Any CPU
		{507F42A8-4E93-4F38-827C-D57700C2D656}.Release|Any CPU.ActiveCfg = Release|Any CPU
		{507F42A8-4E93-4F38-827C-D57700C2D656}.Release|Any CPU.Build.0 = Release|Any CPU
	EndGlobalSection
	GlobalSection(SolutionProperties) = preSolution
		HideSolutionNode = FALSE
	EndGlobalSection
	GlobalSection(ExtensibilityGlobals) = postSolution
		SolutionGuid = {0F6B4323-EDD2-4789-A231-DFAAE9401CBC}
	EndGlobalSection
EndGlobal
